{
  "requires": true,
  "lockfileVersion": 1,
  "dependencies": {
    "react-hook-form": {
      "version": "7.22.5",
      "resolved": "https://registry.npmjs.org/react-hook-form/-/react-hook-form-7.22.5.tgz",
      "integrity": "sha512-Q2zaeQFXdVQ8l3hcywhltH+Nzj4vo50wMVujHDVN/1Xy9IOaSZJwYBXA2CYTpK6rq41fnXviw3jTLb04c7Gu9Q=="
    }
  }
}
